// !$*UTF8*$!
{
	archiveVersion = 1;
	classes = {
	};
	objectVersion = 50;
	objects = {

/* Begin PBXBuildFile section */
		07F41A8724B0FC8100651585 /* AppDelegate.swift in Sources */ = {isa = PBXBuildFile; fileRef = 07F41A8624B0FC8100651585 /* AppDelegate.swift */; };
		07F41A8924B0FC8100651585 /* SceneDelegate.swift in Sources */ = {isa = PBXBuildFile; fileRef = 07F41A8824B0FC8100651585 /* SceneDelegate.swift */; };
		07F41A8B24B0FC8100651585 /* ContentView.swift in Sources */ = {isa = PBXBuildFile; fileRef = 07F41A8A24B0FC8100651585 /* ContentView.swift */; };
		07F41A8D24B0FC8200651585 /* Assets.xcassets in Resources */ = {isa = PBXBuildFile; fileRef = 07F41A8C24B0FC8200651585 /* Assets.xcassets */; };
		07F41A9024B0FC8200651585 /* Preview Assets.xcassets in Resources */ = {isa = PBXBuildFile; fileRef = 07F41A8F24B0FC8200651585 /* Preview Assets.xcassets */; };
		07F41A9324B0FC8200651585 /* LaunchScreen.storyboard in Resources */ = {isa = PBXBuildFile; fileRef = 07F41A9124B0FC8200651585 /* LaunchScreen.storyboard */; };
		07F41AAA24B1012F00651585 /* AppDelegate.swift in Sources */ = {isa = PBXBuildFile; fileRef = 07F41AA924B1012F00651585 /* AppDelegate.swift */; };
		07F41AAC24B1012F00651585 /* SceneDelegate.swift in Sources */ = {isa = PBXBuildFile; fileRef = 07F41AAB24B1012F00651585 /* SceneDelegate.swift */; };
		07F41AAE24B1012F00651585 /* ContentView.swift in Sources */ = {isa = PBXBuildFile; fileRef = 07F41AAD24B1012F00651585 /* ContentView.swift */; };
		07F41AB024B1013000651585 /* Assets.xcassets in Resources */ = {isa = PBXBuildFile; fileRef = 07F41AAF24B1013000651585 /* Assets.xcassets */; };
		07F41AB324B1013000651585 /* Preview Assets.xcassets in Resources */ = {isa = PBXBuildFile; fileRef = 07F41AB224B1013000651585 /* Preview Assets.xcassets */; };
		07F41AB624B1013000651585 /* LaunchScreen.storyboard in Resources */ = {isa = PBXBuildFile; fileRef = 07F41AB424B1013000651585 /* LaunchScreen.storyboard */; };
		07F41ABC24B1022800651585 /* emailView.swift in Sources */ = {isa = PBXBuildFile; fileRef = 07F41ABB24B1022800651585 /* emailView.swift */; };
		07F41ABE24B1023500651585 /* twitterView.swift in Sources */ = {isa = PBXBuildFile; fileRef = 07F41ABD24B1023500651585 /* twitterView.swift */; };
		07F41AF024B105BF00651585 /* AppDelegate.swift in Sources */ = {isa = PBXBuildFile; fileRef = 07F41AEF24B105BF00651585 /* AppDelegate.swift */; };
		07F41AF224B105BF00651585 /* SceneDelegate.swift in Sources */ = {isa = PBXBuildFile; fileRef = 07F41AF124B105BF00651585 /* SceneDelegate.swift */; };
		07F41AF424B105BF00651585 /* ContentView.swift in Sources */ = {isa = PBXBuildFile; fileRef = 07F41AF324B105BF00651585 /* ContentView.swift */; };
		07F41AF624B105C000651585 /* Assets.xcassets in Resources */ = {isa = PBXBuildFile; fileRef = 07F41AF524B105C000651585 /* Assets.xcassets */; };
		07F41AF924B105C000651585 /* Preview Assets.xcassets in Resources */ = {isa = PBXBuildFile; fileRef = 07F41AF824B105C000651585 /* Preview Assets.xcassets */; };
		07F41AFC24B105C000651585 /* LaunchScreen.storyboard in Resources */ = {isa = PBXBuildFile; fileRef = 07F41AFA24B105C000651585 /* LaunchScreen.storyboard */; };
		07F41B0224B1067D00651585 /* Post.swift in Sources */ = {isa = PBXBuildFile; fileRef = 07F41B0124B1067D00651585 /* Post.swift */; };
		07F41B0B24B1112400651585 /* AppDelegate.swift in Sources */ = {isa = PBXBuildFile; fileRef = 07F41B0A24B1112400651585 /* AppDelegate.swift */; };
		07F41B0D24B1112400651585 /* SceneDelegate.swift in Sources */ = {isa = PBXBuildFile; fileRef = 07F41B0C24B1112400651585 /* SceneDelegate.swift */; };
		07F41B0F24B1112400651585 /* ContentView.swift in Sources */ = {isa = PBXBuildFile; fileRef = 07F41B0E24B1112400651585 /* ContentView.swift */; };
		07F41B1124B1112500651585 /* Assets.xcassets in Resources */ = {isa = PBXBuildFile; fileRef = 07F41B1024B1112500651585 /* Assets.xcassets */; };
		07F41B1424B1112500651585 /* Preview Assets.xcassets in Resources */ = {isa = PBXBuildFile; fileRef = 07F41B1324B1112500651585 /* Preview Assets.xcassets */; };
		07F41B1724B1112500651585 /* LaunchScreen.storyboard in Resources */ = {isa = PBXBuildFile; fileRef = 07F41B1524B1112500651585 /* LaunchScreen.storyboard */; };
		07F41B2324B1146800651585 /* AppDelegate.swift in Sources */ = {isa = PBXBuildFile; fileRef = 07F41B2224B1146800651585 /* AppDelegate.swift */; };
		07F41B2524B1146800651585 /* SceneDelegate.swift in Sources */ = {isa = PBXBuildFile; fileRef = 07F41B2424B1146800651585 /* SceneDelegate.swift */; };
		07F41B2724B1146800651585 /* ContentView.swift in Sources */ = {isa = PBXBuildFile; fileRef = 07F41B2624B1146800651585 /* ContentView.swift */; };
		07F41B2924B1146800651585 /* Assets.xcassets in Resources */ = {isa = PBXBuildFile; fileRef = 07F41B2824B1146800651585 /* Assets.xcassets */; };
		07F41B2C24B1146800651585 /* Preview Assets.xcassets in Resources */ = {isa = PBXBuildFile; fileRef = 07F41B2B24B1146800651585 /* Preview Assets.xcassets */; };
		07F41B2F24B1146800651585 /* LaunchScreen.storyboard in Resources */ = {isa = PBXBuildFile; fileRef = 07F41B2D24B1146800651585 /* LaunchScreen.storyboard */; };
		07F41B3B24B1215900651585 /* AppDelegate.swift in Sources */ = {isa = PBXBuildFile; fileRef = 07F41B3A24B1215900651585 /* AppDelegate.swift */; };
		07F41B3D24B1215900651585 /* SceneDelegate.swift in Sources */ = {isa = PBXBuildFile; fileRef = 07F41B3C24B1215900651585 /* SceneDelegate.swift */; };
		07F41B3F24B1215900651585 /* ContentView.swift in Sources */ = {isa = PBXBuildFile; fileRef = 07F41B3E24B1215900651585 /* ContentView.swift */; };
		07F41B4124B1215A00651585 /* Assets.xcassets in Resources */ = {isa = PBXBuildFile; fileRef = 07F41B4024B1215A00651585 /* Assets.xcassets */; };
		07F41B4424B1215A00651585 /* Preview Assets.xcassets in Resources */ = {isa = PBXBuildFile; fileRef = 07F41B4324B1215A00651585 /* Preview Assets.xcassets */; };
		07F41B4724B1215A00651585 /* LaunchScreen.storyboard in Resources */ = {isa = PBXBuildFile; fileRef = 07F41B4524B1215A00651585 /* LaunchScreen.storyboard */; };
		07F41B5324B1247100651585 /* AppDelegate.swift in Sources */ = {isa = PBXBuildFile; fileRef = 07F41B5224B1247100651585 /* AppDelegate.swift */; };
		07F41B5524B1247100651585 /* SceneDelegate.swift in Sources */ = {isa = PBXBuildFile; fileRef = 07F41B5424B1247100651585 /* SceneDelegate.swift */; };
		07F41B5724B1247100651585 /* ContentView.swift in Sources */ = {isa = PBXBuildFile; fileRef = 07F41B5624B1247100651585 /* ContentView.swift */; };
		07F41B5924B1247300651585 /* Assets.xcassets in Resources */ = {isa = PBXBuildFile; fileRef = 07F41B5824B1247300651585 /* Assets.xcassets */; };
		07F41B5C24B1247300651585 /* Preview Assets.xcassets in Resources */ = {isa = PBXBuildFile; fileRef = 07F41B5B24B1247300651585 /* Preview Assets.xcassets */; };
		07F41B5F24B1247300651585 /* LaunchScreen.storyboard in Resources */ = {isa = PBXBuildFile; fileRef = 07F41B5D24B1247300651585 /* LaunchScreen.storyboard */; };
		07F41B6B24B1279E00651585 /* AppDelegate.swift in Sources */ = {isa = PBXBuildFile; fileRef = 07F41B6A24B1279E00651585 /* AppDelegate.swift */; };
		07F41B6D24B1279E00651585 /* SceneDelegate.swift in Sources */ = {isa = PBXBuildFile; fileRef = 07F41B6C24B1279E00651585 /* SceneDelegate.swift */; };
		07F41B6F24B1279E00651585 /* ContentView.swift in Sources */ = {isa = PBXBuildFile; fileRef = 07F41B6E24B1279E00651585 /* ContentView.swift */; };
		07F41B7124B1279F00651585 /* Assets.xcassets in Resources */ = {isa = PBXBuildFile; fileRef = 07F41B7024B1279F00651585 /* Assets.xcassets */; };
		07F41B7424B1279F00651585 /* Preview Assets.xcassets in Resources */ = {isa = PBXBuildFile; fileRef = 07F41B7324B1279F00651585 /* Preview Assets.xcassets */; };
		07F41B7724B1279F00651585 /* LaunchScreen.storyboard in Resources */ = {isa = PBXBuildFile; fileRef = 07F41B7524B1279F00651585 /* LaunchScreen.storyboard */; };
/* End PBXBuildFile section */

/* Begin PBXFileReference section */
		07F41A8324B0FC8100651585 /* SwiftUI_Views.app */ = {isa = PBXFileReference; explicitFileType = wrapper.application; includeInIndex = 0; path = SwiftUI_Views.app; sourceTree = BUILT_PRODUCTS_DIR; };
		07F41A8624B0FC8100651585 /* AppDelegate.swift */ = {isa = PBXFileReference; lastKnownFileType = sourcecode.swift; path = AppDelegate.swift; sourceTree = "<group>"; };
		07F41A8824B0FC8100651585 /* SceneDelegate.swift */ = {isa = PBXFileReference; lastKnownFileType = sourcecode.swift; path = SceneDelegate.swift; sourceTree = "<group>"; };
		07F41A8A24B0FC8100651585 /* ContentView.swift */ = {isa = PBXFileReference; lastKnownFileType = sourcecode.swift; path = ContentView.swift; sourceTree = "<group>"; };
		07F41A8C24B0FC8200651585 /* Assets.xcassets */ = {isa = PBXFileReference; lastKnownFileType = folder.assetcatalog; path = Assets.xcassets; sourceTree = "<group>"; };
		07F41A8F24B0FC8200651585 /* Preview Assets.xcassets */ = {isa = PBXFileReference; lastKnownFileType = folder.assetcatalog; path = "Preview Assets.xcassets"; sourceTree = "<group>"; };
		07F41A9224B0FC8200651585 /* Base */ = {isa = PBXFileReference; lastKnownFileType = file.storyboard; name = Base; path = Base.lproj/LaunchScreen.storyboard; sourceTree = "<group>"; };
		07F41A9424B0FC8200651585 /* Info.plist */ = {isa = PBXFileReference; lastKnownFileType = text.plist.xml; path = Info.plist; sourceTree = "<group>"; };
		07F41AA724B1012F00651585 /* SwiftUI_Views_TabView.app */ = {isa = PBXFileReference; explicitFileType = wrapper.application; includeInIndex = 0; path = SwiftUI_Views_TabView.app; sourceTree = BUILT_PRODUCTS_DIR; };
		07F41AA924B1012F00651585 /* AppDelegate.swift */ = {isa = PBXFileReference; lastKnownFileType = sourcecode.swift; path = AppDelegate.swift; sourceTree = "<group>"; };
		07F41AAB24B1012F00651585 /* SceneDelegate.swift */ = {isa = PBXFileReference; lastKnownFileType = sourcecode.swift; path = SceneDelegate.swift; sourceTree = "<group>"; };
		07F41AAD24B1012F00651585 /* ContentView.swift */ = {isa = PBXFileReference; lastKnownFileType = sourcecode.swift; path = ContentView.swift; sourceTree = "<group>"; };
		07F41AAF24B1013000651585 /* Assets.xcassets */ = {isa = PBXFileReference; lastKnownFileType = folder.assetcatalog; path = Assets.xcassets; sourceTree = "<group>"; };
		07F41AB224B1013000651585 /* Preview Assets.xcassets */ = {isa = PBXFileReference; lastKnownFileType = folder.assetcatalog; path = "Preview Assets.xcassets"; sourceTree = "<group>"; };
		07F41AB524B1013000651585 /* Base */ = {isa = PBXFileReference; lastKnownFileType = file.storyboard; name = Base; path = Base.lproj/LaunchScreen.storyboard; sourceTree = "<group>"; };
		07F41AB724B1013000651585 /* Info.plist */ = {isa = PBXFileReference; lastKnownFileType = text.plist.xml; path = Info.plist; sourceTree = "<group>"; };
		07F41ABB24B1022800651585 /* emailView.swift */ = {isa = PBXFileReference; lastKnownFileType = sourcecode.swift; path = emailView.swift; sourceTree = "<group>"; };
		07F41ABD24B1023500651585 /* twitterView.swift */ = {isa = PBXFileReference; lastKnownFileType = sourcecode.swift; path = twitterView.swift; sourceTree = "<group>"; };
		07F41AED24B105BF00651585 /* SwiftUI_Views_ListView.app */ = {isa = PBXFileReference; explicitFileType = wrapper.application; includeInIndex = 0; path = SwiftUI_Views_ListView.app; sourceTree = BUILT_PRODUCTS_DIR; };
		07F41AEF24B105BF00651585 /* AppDelegate.swift */ = {isa = PBXFileReference; lastKnownFileType = sourcecode.swift; path = AppDelegate.swift; sourceTree = "<group>"; };
		07F41AF124B105BF00651585 /* SceneDelegate.swift */ = {isa = PBXFileReference; lastKnownFileType = sourcecode.swift; path = SceneDelegate.swift; sourceTree = "<group>"; };
		07F41AF324B105BF00651585 /* ContentView.swift */ = {isa = PBXFileReference; lastKnownFileType = sourcecode.swift; path = ContentView.swift; sourceTree = "<group>"; };
		07F41AF524B105C000651585 /* Assets.xcassets */ = {isa = PBXFileReference; lastKnownFileType = folder.assetcatalog; path = Assets.xcassets; sourceTree = "<group>"; };
		07F41AF824B105C000651585 /* Preview Assets.xcassets */ = {isa = PBXFileReference; lastKnownFileType = folder.assetcatalog; path = "Preview Assets.xcassets"; sourceTree = "<group>"; };
		07F41AFB24B105C000651585 /* Base */ = {isa = PBXFileReference; lastKnownFileType = file.storyboard; name = Base; path = Base.lproj/LaunchScreen.storyboard; sourceTree = "<group>"; };
		07F41AFD24B105C000651585 /* Info.plist */ = {isa = PBXFileReference; lastKnownFileType = text.plist.xml; path = Info.plist; sourceTree = "<group>"; };
		07F41B0124B1067D00651585 /* Post.swift */ = {isa = PBXFileReference; lastKnownFileType = sourcecode.swift; path = Post.swift; sourceTree = "<group>"; };
		07F41B0824B1112400651585 /* SwiftUI_Views_Toggle.app */ = {isa = PBXFileReference; explicitFileType = wrapper.application; includeInIndex = 0; path = SwiftUI_Views_Toggle.app; sourceTree = BUILT_PRODUCTS_DIR; };
		07F41B0A24B1112400651585 /* AppDelegate.swift */ = {isa = PBXFileReference; lastKnownFileType = sourcecode.swift; path = AppDelegate.swift; sourceTree = "<group>"; };
		07F41B0C24B1112400651585 /* SceneDelegate.swift */ = {isa = PBXFileReference; lastKnownFileType = sourcecode.swift; path = SceneDelegate.swift; sourceTree = "<group>"; };
		07F41B0E24B1112400651585 /* ContentView.swift */ = {isa = PBXFileReference; lastKnownFileType = sourcecode.swift; path = ContentView.swift; sourceTree = "<group>"; };
		07F41B1024B1112500651585 /* Assets.xcassets */ = {isa = PBXFileReference; lastKnownFileType = folder.assetcatalog; path = Assets.xcassets; sourceTree = "<group>"; };
		07F41B1324B1112500651585 /* Preview Assets.xcassets */ = {isa = PBXFileReference; lastKnownFileType = folder.assetcatalog; path = "Preview Assets.xcassets"; sourceTree = "<group>"; };
		07F41B1624B1112500651585 /* Base */ = {isa = PBXFileReference; lastKnownFileType = file.storyboard; name = Base; path = Base.lproj/LaunchScreen.storyboard; sourceTree = "<group>"; };
		07F41B1824B1112500651585 /* Info.plist */ = {isa = PBXFileReference; lastKnownFileType = text.plist.xml; path = Info.plist; sourceTree = "<group>"; };
		07F41B2024B1146700651585 /* SwiftUI_Views_Images.app */ = {isa = PBXFileReference; explicitFileType = wrapper.application; includeInIndex = 0; path = SwiftUI_Views_Images.app; sourceTree = BUILT_PRODUCTS_DIR; };
		07F41B2224B1146800651585 /* AppDelegate.swift */ = {isa = PBXFileReference; lastKnownFileType = sourcecode.swift; path = AppDelegate.swift; sourceTree = "<group>"; };
		07F41B2424B1146800651585 /* SceneDelegate.swift */ = {isa = PBXFileReference; lastKnownFileType = sourcecode.swift; path = SceneDelegate.swift; sourceTree = "<group>"; };
		07F41B2624B1146800651585 /* ContentView.swift */ = {isa = PBXFileReference; lastKnownFileType = sourcecode.swift; path = ContentView.swift; sourceTree = "<group>"; };
		07F41B2824B1146800651585 /* Assets.xcassets */ = {isa = PBXFileReference; lastKnownFileType = folder.assetcatalog; path = Assets.xcassets; sourceTree = "<group>"; };
		07F41B2B24B1146800651585 /* Preview Assets.xcassets */ = {isa = PBXFileReference; lastKnownFileType = folder.assetcatalog; path = "Preview Assets.xcassets"; sourceTree = "<group>"; };
		07F41B2E24B1146800651585 /* Base */ = {isa = PBXFileReference; lastKnownFileType = file.storyboard; name = Base; path = Base.lproj/LaunchScreen.storyboard; sourceTree = "<group>"; };
		07F41B3024B1146800651585 /* Info.plist */ = {isa = PBXFileReference; lastKnownFileType = text.plist.xml; path = Info.plist; sourceTree = "<group>"; };
		07F41B3824B1215900651585 /* SwiftUI_Views_ZStack.app */ = {isa = PBXFileReference; explicitFileType = wrapper.application; includeInIndex = 0; path = SwiftUI_Views_ZStack.app; sourceTree = BUILT_PRODUCTS_DIR; };
		07F41B3A24B1215900651585 /* AppDelegate.swift */ = {isa = PBXFileReference; lastKnownFileType = sourcecode.swift; path = AppDelegate.swift; sourceTree = "<group>"; };
		07F41B3C24B1215900651585 /* SceneDelegate.swift */ = {isa = PBXFileReference; lastKnownFileType = sourcecode.swift; path = SceneDelegate.swift; sourceTree = "<group>"; };
		07F41B3E24B1215900651585 /* ContentView.swift */ = {isa = PBXFileReference; lastKnownFileType = sourcecode.swift; path = ContentView.swift; sourceTree = "<group>"; };
		07F41B4024B1215A00651585 /* Assets.xcassets */ = {isa = PBXFileReference; lastKnownFileType = folder.assetcatalog; path = Assets.xcassets; sourceTree = "<group>"; };
		07F41B4324B1215A00651585 /* Preview Assets.xcassets */ = {isa = PBXFileReference; lastKnownFileType = folder.assetcatalog; path = "Preview Assets.xcassets"; sourceTree = "<group>"; };
		07F41B4624B1215A00651585 /* Base */ = {isa = PBXFileReference; lastKnownFileType = file.storyboard; name = Base; path = Base.lproj/LaunchScreen.storyboard; sourceTree = "<group>"; };
		07F41B4824B1215A00651585 /* Info.plist */ = {isa = PBXFileReference; lastKnownFileType = text.plist.xml; path = Info.plist; sourceTree = "<group>"; };
		07F41B5024B1247100651585 /* SwiftUI_Views_AlertView.app */ = {isa = PBXFileReference; explicitFileType = wrapper.application; includeInIndex = 0; path = SwiftUI_Views_AlertView.app; sourceTree = BUILT_PRODUCTS_DIR; };
		07F41B5224B1247100651585 /* AppDelegate.swift */ = {isa = PBXFileReference; lastKnownFileType = sourcecode.swift; path = AppDelegate.swift; sourceTree = "<group>"; };
		07F41B5424B1247100651585 /* SceneDelegate.swift */ = {isa = PBXFileReference; lastKnownFileType = sourcecode.swift; path = SceneDelegate.swift; sourceTree = "<group>"; };
		07F41B5624B1247100651585 /* ContentView.swift */ = {isa = PBXFileReference; lastKnownFileType = sourcecode.swift; path = ContentView.swift; sourceTree = "<group>"; };
		07F41B5824B1247300651585 /* Assets.xcassets */ = {isa = PBXFileReference; lastKnownFileType = folder.assetcatalog; path = Assets.xcassets; sourceTree = "<group>"; };
		07F41B5B24B1247300651585 /* Preview Assets.xcassets */ = {isa = PBXFileReference; lastKnownFileType = folder.assetcatalog; path = "Preview Assets.xcassets"; sourceTree = "<group>"; };
		07F41B5E24B1247300651585 /* Base */ = {isa = PBXFileReference; lastKnownFileType = file.storyboard; name = Base; path = Base.lproj/LaunchScreen.storyboard; sourceTree = "<group>"; };
		07F41B6024B1247300651585 /* Info.plist */ = {isa = PBXFileReference; lastKnownFileType = text.plist.xml; path = Info.plist; sourceTree = "<group>"; };
		07F41B6824B1279E00651585 /* SwiftUI_Views_Forms.app */ = {isa = PBXFileReference; explicitFileType = wrapper.application; includeInIndex = 0; path = SwiftUI_Views_Forms.app; sourceTree = BUILT_PRODUCTS_DIR; };
		07F41B6A24B1279E00651585 /* AppDelegate.swift */ = {isa = PBXFileReference; lastKnownFileType = sourcecode.swift; path = AppDelegate.swift; sourceTree = "<group>"; };
		07F41B6C24B1279E00651585 /* SceneDelegate.swift */ = {isa = PBXFileReference; lastKnownFileType = sourcecode.swift; path = SceneDelegate.swift; sourceTree = "<group>"; };
		07F41B6E24B1279E00651585 /* ContentView.swift */ = {isa = PBXFileReference; lastKnownFileType = sourcecode.swift; path = ContentView.swift; sourceTree = "<group>"; };
		07F41B7024B1279F00651585 /* Assets.xcassets */ = {isa = PBXFileReference; lastKnownFileType = folder.assetcatalog; path = Assets.xcassets; sourceTree = "<group>"; };
		07F41B7324B1279F00651585 /* Preview Assets.xcassets */ = {isa = PBXFileReference; lastKnownFileType = folder.assetcatalog; path = "Preview Assets.xcassets"; sourceTree = "<group>"; };
		07F41B7624B1279F00651585 /* Base */ = {isa = PBXFileReference; lastKnownFileType = file.storyboard; name = Base; path = Base.lproj/LaunchScreen.storyboard; sourceTree = "<group>"; };
		07F41B7824B1279F00651585 /* Info.plist */ = {isa = PBXFileReference; lastKnownFileType = text.plist.xml; path = Info.plist; sourceTree = "<group>"; };
/* End PBXFileReference section */

/* Begin PBXFrameworksBuildPhase section */
		07F41A8024B0FC8100651585 /* Frameworks */ = {
			isa = PBXFrameworksBuildPhase;
			buildActionMask = 2147483647;
			files = (
			);
			runOnlyForDeploymentPostprocessing = 0;
		};
		07F41AA424B1012F00651585 /* Frameworks */ = {
			isa = PBXFrameworksBuildPhase;
			buildActionMask = 2147483647;
			files = (
			);
			runOnlyForDeploymentPostprocessing = 0;
		};
		07F41AEA24B105BF00651585 /* Frameworks */ = {
			isa = PBXFrameworksBuildPhase;
			buildActionMask = 2147483647;
			files = (
			);
			runOnlyForDeploymentPostprocessing = 0;
		};
		07F41B0524B1112400651585 /* Frameworks */ = {
			isa = PBXFrameworksBuildPhase;
			buildActionMask = 2147483647;
			files = (
			);
			runOnlyForDeploymentPostprocessing = 0;
		};
		07F41B1D24B1146700651585 /* Frameworks */ = {
			isa = PBXFrameworksBuildPhase;
			buildActionMask = 2147483647;
			files = (
			);
			runOnlyForDeploymentPostprocessing = 0;
		};
		07F41B3524B1215900651585 /* Frameworks */ = {
			isa = PBXFrameworksBuildPhase;
			buildActionMask = 2147483647;
			files = (
			);
			runOnlyForDeploymentPostprocessing = 0;
		};
		07F41B4D24B1247100651585 /* Frameworks */ = {
			isa = PBXFrameworksBuildPhase;
			buildActionMask = 2147483647;
			files = (
			);
			runOnlyForDeploymentPostprocessing = 0;
		};
		07F41B6524B1279E00651585 /* Frameworks */ = {
			isa = PBXFrameworksBuildPhase;
			buildActionMask = 2147483647;
			files = (
			);
			runOnlyForDeploymentPostprocessing = 0;
		};
/* End PBXFrameworksBuildPhase section */

/* Begin PBXGroup section */
		07F41A7A24B0FC8100651585 = {
			isa = PBXGroup;
			children = (
				07F41A8524B0FC8100651585 /* SwiftUI_Views */,
				07F41AA824B1012F00651585 /* SwiftUI_Views_TabView */,
				07F41AEE24B105BF00651585 /* SwiftUI_Views_ListView */,
				07F41B0924B1112400651585 /* SwiftUI_Views_Toggle */,
				07F41B2124B1146800651585 /* SwiftUI_Views_Images */,
				07F41B3924B1215900651585 /* SwiftUI_Views_ZStack */,
				07F41B5124B1247100651585 /* SwiftUI_Views_AlertView */,
				07F41B6924B1279E00651585 /* SwiftUI_Views_Forms */,
				07F41A8424B0FC8100651585 /* Products */,
			);
			sourceTree = "<group>";
		};
		07F41A8424B0FC8100651585 /* Products */ = {
			isa = PBXGroup;
			children = (
				07F41A8324B0FC8100651585 /* SwiftUI_Views.app */,
				07F41AA724B1012F00651585 /* SwiftUI_Views_TabView.app */,
				07F41AED24B105BF00651585 /* SwiftUI_Views_ListView.app */,
				07F41B0824B1112400651585 /* SwiftUI_Views_Toggle.app */,
				07F41B2024B1146700651585 /* SwiftUI_Views_Images.app */,
				07F41B3824B1215900651585 /* SwiftUI_Views_ZStack.app */,
				07F41B5024B1247100651585 /* SwiftUI_Views_AlertView.app */,
				07F41B6824B1279E00651585 /* SwiftUI_Views_Forms.app */,
			);
			name = Products;
			sourceTree = "<group>";
		};
		07F41A8524B0FC8100651585 /* SwiftUI_Views */ = {
			isa = PBXGroup;
			children = (
				07F41A8624B0FC8100651585 /* AppDelegate.swift */,
				07F41A8824B0FC8100651585 /* SceneDelegate.swift */,
				07F41A8A24B0FC8100651585 /* ContentView.swift */,
				07F41A8C24B0FC8200651585 /* Assets.xcassets */,
				07F41A9124B0FC8200651585 /* LaunchScreen.storyboard */,
				07F41A9424B0FC8200651585 /* Info.plist */,
				07F41A8E24B0FC8200651585 /* Preview Content */,
			);
			path = SwiftUI_Views;
			sourceTree = "<group>";
		};
		07F41A8E24B0FC8200651585 /* Preview Content */ = {
			isa = PBXGroup;
			children = (
				07F41A8F24B0FC8200651585 /* Preview Assets.xcassets */,
			);
			path = "Preview Content";
			sourceTree = "<group>";
		};
		07F41AA824B1012F00651585 /* SwiftUI_Views_TabView */ = {
			isa = PBXGroup;
			children = (
				07F41AA924B1012F00651585 /* AppDelegate.swift */,
				07F41AAB24B1012F00651585 /* SceneDelegate.swift */,
				07F41AAD24B1012F00651585 /* ContentView.swift */,
				07F41ABF24B1025100651585 /* Views */,
				07F41AAF24B1013000651585 /* Assets.xcassets */,
				07F41AB424B1013000651585 /* LaunchScreen.storyboard */,
				07F41AB724B1013000651585 /* Info.plist */,
				07F41AB124B1013000651585 /* Preview Content */,
			);
			path = SwiftUI_Views_TabView;
			sourceTree = "<group>";
		};
		07F41AB124B1013000651585 /* Preview Content */ = {
			isa = PBXGroup;
			children = (
				07F41AB224B1013000651585 /* Preview Assets.xcassets */,
			);
			path = "Preview Content";
			sourceTree = "<group>";
		};
		07F41ABF24B1025100651585 /* Views */ = {
			isa = PBXGroup;
			children = (
				07F41ABB24B1022800651585 /* emailView.swift */,
				07F41ABD24B1023500651585 /* twitterView.swift */,
			);
			path = Views;
			sourceTree = "<group>";
		};
		07F41AEE24B105BF00651585 /* SwiftUI_Views_ListView */ = {
			isa = PBXGroup;
			children = (
				07F41AEF24B105BF00651585 /* AppDelegate.swift */,
				07F41AF124B105BF00651585 /* SceneDelegate.swift */,
				07F41AF324B105BF00651585 /* ContentView.swift */,
				07F41B0324B1068100651585 /* Model */,
				07F41AF524B105C000651585 /* Assets.xcassets */,
				07F41AFA24B105C000651585 /* LaunchScreen.storyboard */,
				07F41AFD24B105C000651585 /* Info.plist */,
				07F41AF724B105C000651585 /* Preview Content */,
			);
			path = SwiftUI_Views_ListView;
			sourceTree = "<group>";
		};
		07F41AF724B105C000651585 /* Preview Content */ = {
			isa = PBXGroup;
			children = (
				07F41AF824B105C000651585 /* Preview Assets.xcassets */,
			);
			path = "Preview Content";
			sourceTree = "<group>";
		};
		07F41B0324B1068100651585 /* Model */ = {
			isa = PBXGroup;
			children = (
				07F41B0124B1067D00651585 /* Post.swift */,
			);
			path = Model;
			sourceTree = "<group>";
		};
		07F41B0924B1112400651585 /* SwiftUI_Views_Toggle */ = {
			isa = PBXGroup;
			children = (
				07F41B0A24B1112400651585 /* AppDelegate.swift */,
				07F41B0C24B1112400651585 /* SceneDelegate.swift */,
				07F41B0E24B1112400651585 /* ContentView.swift */,
				07F41B1024B1112500651585 /* Assets.xcassets */,
				07F41B1524B1112500651585 /* LaunchScreen.storyboard */,
				07F41B1824B1112500651585 /* Info.plist */,
				07F41B1224B1112500651585 /* Preview Content */,
			);
			path = SwiftUI_Views_Toggle;
			sourceTree = "<group>";
		};
		07F41B1224B1112500651585 /* Preview Content */ = {
			isa = PBXGroup;
			children = (
				07F41B1324B1112500651585 /* Preview Assets.xcassets */,
			);
			path = "Preview Content";
			sourceTree = "<group>";
		};
		07F41B2124B1146800651585 /* SwiftUI_Views_Images */ = {
			isa = PBXGroup;
			children = (
				07F41B2224B1146800651585 /* AppDelegate.swift */,
				07F41B2424B1146800651585 /* SceneDelegate.swift */,
				07F41B2624B1146800651585 /* ContentView.swift */,
				07F41B2824B1146800651585 /* Assets.xcassets */,
				07F41B2D24B1146800651585 /* LaunchScreen.storyboard */,
				07F41B3024B1146800651585 /* Info.plist */,
				07F41B2A24B1146800651585 /* Preview Content */,
			);
			path = SwiftUI_Views_Images;
			sourceTree = "<group>";
		};
		07F41B2A24B1146800651585 /* Preview Content */ = {
			isa = PBXGroup;
			children = (
				07F41B2B24B1146800651585 /* Preview Assets.xcassets */,
			);
			path = "Preview Content";
			sourceTree = "<group>";
		};
		07F41B3924B1215900651585 /* SwiftUI_Views_ZStack */ = {
			isa = PBXGroup;
			children = (
				07F41B3A24B1215900651585 /* AppDelegate.swift */,
				07F41B3C24B1215900651585 /* SceneDelegate.swift */,
				07F41B3E24B1215900651585 /* ContentView.swift */,
				07F41B4024B1215A00651585 /* Assets.xcassets */,
				07F41B4524B1215A00651585 /* LaunchScreen.storyboard */,
				07F41B4824B1215A00651585 /* Info.plist */,
				07F41B4224B1215A00651585 /* Preview Content */,
			);
			path = SwiftUI_Views_ZStack;
			sourceTree = "<group>";
		};
		07F41B4224B1215A00651585 /* Preview Content */ = {
			isa = PBXGroup;
			children = (
				07F41B4324B1215A00651585 /* Preview Assets.xcassets */,
			);
			path = "Preview Content";
			sourceTree = "<group>";
		};
		07F41B5124B1247100651585 /* SwiftUI_Views_AlertView */ = {
			isa = PBXGroup;
			children = (
				07F41B5224B1247100651585 /* AppDelegate.swift */,
				07F41B5424B1247100651585 /* SceneDelegate.swift */,
				07F41B5624B1247100651585 /* ContentView.swift */,
				07F41B5824B1247300651585 /* Assets.xcassets */,
				07F41B5D24B1247300651585 /* LaunchScreen.storyboard */,
				07F41B6024B1247300651585 /* Info.plist */,
				07F41B5A24B1247300651585 /* Preview Content */,
			);
			path = SwiftUI_Views_AlertView;
			sourceTree = "<group>";
		};
		07F41B5A24B1247300651585 /* Preview Content */ = {
			isa = PBXGroup;
			children = (
				07F41B5B24B1247300651585 /* Preview Assets.xcassets */,
			);
			path = "Preview Content";
			sourceTree = "<group>";
		};
		07F41B6924B1279E00651585 /* SwiftUI_Views_Forms */ = {
			isa = PBXGroup;
			children = (
				07F41B6A24B1279E00651585 /* AppDelegate.swift */,
				07F41B6C24B1279E00651585 /* SceneDelegate.swift */,
				07F41B6E24B1279E00651585 /* ContentView.swift */,
				07F41B7024B1279F00651585 /* Assets.xcassets */,
				07F41B7524B1279F00651585 /* LaunchScreen.storyboard */,
				07F41B7824B1279F00651585 /* Info.plist */,
				07F41B7224B1279F00651585 /* Preview Content */,
			);
			path = SwiftUI_Views_Forms;
			sourceTree = "<group>";
		};
		07F41B7224B1279F00651585 /* Preview Content */ = {
			isa = PBXGroup;
			children = (
				07F41B7324B1279F00651585 /* Preview Assets.xcassets */,
			);
			path = "Preview Content";
			sourceTree = "<group>";
		};
/* End PBXGroup section */

/* Begin PBXNativeTarget section */
		07F41A8224B0FC8100651585 /* SwiftUI_Views */ = {
			isa = PBXNativeTarget;
			buildConfigurationList = 07F41A9724B0FC8200651585 /* Build configuration list for PBXNativeTarget "SwiftUI_Views" */;
			buildPhases = (
				07F41A7F24B0FC8100651585 /* Sources */,
				07F41A8024B0FC8100651585 /* Frameworks */,
				07F41A8124B0FC8100651585 /* Resources */,
			);
			buildRules = (
			);
			dependencies = (
			);
			name = SwiftUI_Views;
			productName = SwiftUI_Views;
			productReference = 07F41A8324B0FC8100651585 /* SwiftUI_Views.app */;
			productType = "com.apple.product-type.application";
		};
		07F41AA624B1012F00651585 /* SwiftUI_Views_TabView */ = {
			isa = PBXNativeTarget;
			buildConfigurationList = 07F41AB824B1013000651585 /* Build configuration list for PBXNativeTarget "SwiftUI_Views_TabView" */;
			buildPhases = (
				07F41AA324B1012F00651585 /* Sources */,
				07F41AA424B1012F00651585 /* Frameworks */,
				07F41AA524B1012F00651585 /* Resources */,
			);
			buildRules = (
			);
			dependencies = (
			);
			name = SwiftUI_Views_TabView;
			productName = SwiftUI_Views_TabView;
			productReference = 07F41AA724B1012F00651585 /* SwiftUI_Views_TabView.app */;
			productType = "com.apple.product-type.application";
		};
		07F41AEC24B105BF00651585 /* SwiftUI_Views_ListView */ = {
			isa = PBXNativeTarget;
			buildConfigurationList = 07F41B0024B105C000651585 /* Build configuration list for PBXNativeTarget "SwiftUI_Views_ListView" */;
			buildPhases = (
				07F41AE924B105BF00651585 /* Sources */,
				07F41AEA24B105BF00651585 /* Frameworks */,
				07F41AEB24B105BF00651585 /* Resources */,
			);
			buildRules = (
			);
			dependencies = (
			);
			name = SwiftUI_Views_ListView;
			productName = SwiftUI_Views_ListView;
			productReference = 07F41AED24B105BF00651585 /* SwiftUI_Views_ListView.app */;
			productType = "com.apple.product-type.application";
		};
		07F41B0724B1112400651585 /* SwiftUI_Views_Toggle */ = {
			isa = PBXNativeTarget;
			buildConfigurationList = 07F41B1B24B1112500651585 /* Build configuration list for PBXNativeTarget "SwiftUI_Views_Toggle" */;
			buildPhases = (
				07F41B0424B1112400651585 /* Sources */,
				07F41B0524B1112400651585 /* Frameworks */,
				07F41B0624B1112400651585 /* Resources */,
			);
			buildRules = (
			);
			dependencies = (
			);
			name = SwiftUI_Views_Toggle;
			productName = SwiftUI_Views_Toggle;
			productReference = 07F41B0824B1112400651585 /* SwiftUI_Views_Toggle.app */;
			productType = "com.apple.product-type.application";
		};
		07F41B1F24B1146700651585 /* SwiftUI_Views_Images */ = {
			isa = PBXNativeTarget;
			buildConfigurationList = 07F41B3324B1146800651585 /* Build configuration list for PBXNativeTarget "SwiftUI_Views_Images" */;
			buildPhases = (
				07F41B1C24B1146700651585 /* Sources */,
				07F41B1D24B1146700651585 /* Frameworks */,
				07F41B1E24B1146700651585 /* Resources */,
			);
			buildRules = (
			);
			dependencies = (
			);
			name = SwiftUI_Views_Images;
			productName = SwiftUI_Views_Images;
			productReference = 07F41B2024B1146700651585 /* SwiftUI_Views_Images.app */;
			productType = "com.apple.product-type.application";
		};
		07F41B3724B1215900651585 /* SwiftUI_Views_ZStack */ = {
			isa = PBXNativeTarget;
			buildConfigurationList = 07F41B4B24B1215A00651585 /* Build configuration list for PBXNativeTarget "SwiftUI_Views_ZStack" */;
			buildPhases = (
				07F41B3424B1215900651585 /* Sources */,
				07F41B3524B1215900651585 /* Frameworks */,
				07F41B3624B1215900651585 /* Resources */,
			);
			buildRules = (
			);
			dependencies = (
			);
			name = SwiftUI_Views_ZStack;
			productName = SwiftUI_Views_ZStack;
			productReference = 07F41B3824B1215900651585 /* SwiftUI_Views_ZStack.app */;
			productType = "com.apple.product-type.application";
		};
		07F41B4F24B1247100651585 /* SwiftUI_Views_AlertView */ = {
			isa = PBXNativeTarget;
			buildConfigurationList = 07F41B6324B1247300651585 /* Build configuration list for PBXNativeTarget "SwiftUI_Views_AlertView" */;
			buildPhases = (
				07F41B4C24B1247100651585 /* Sources */,
				07F41B4D24B1247100651585 /* Frameworks */,
				07F41B4E24B1247100651585 /* Resources */,
			);
			buildRules = (
			);
			dependencies = (
			);
			name = SwiftUI_Views_AlertView;
			productName = SwiftUI_Views_AlertView;
			productReference = 07F41B5024B1247100651585 /* SwiftUI_Views_AlertView.app */;
			productType = "com.apple.product-type.application";
		};
		07F41B6724B1279E00651585 /* SwiftUI_Views_Forms */ = {
			isa = PBXNativeTarget;
			buildConfigurationList = 07F41B7B24B1279F00651585 /* Build configuration list for PBXNativeTarget "SwiftUI_Views_Forms" */;
			buildPhases = (
				07F41B6424B1279E00651585 /* Sources */,
				07F41B6524B1279E00651585 /* Frameworks */,
				07F41B6624B1279E00651585 /* Resources */,
			);
			buildRules = (
			);
			dependencies = (
			);
			name = SwiftUI_Views_Forms;
			productName = SwiftUI_Views_Forms;
			productReference = 07F41B6824B1279E00651585 /* SwiftUI_Views_Forms.app */;
			productType = "com.apple.product-type.application";
		};
/* End PBXNativeTarget section */

/* Begin PBXProject section */
		07F41A7B24B0FC8100651585 /* Project object */ = {
			isa = PBXProject;
			attributes = {
				LastSwiftUpdateCheck = 1150;
				LastUpgradeCheck = 1150;
				ORGANIZATIONNAME = TestCompany;
				TargetAttributes = {
					07F41A8224B0FC8100651585 = {
						CreatedOnToolsVersion = 11.5;
					};
					07F41AA624B1012F00651585 = {
						CreatedOnToolsVersion = 11.5;
					};
					07F41AEC24B105BF00651585 = {
						CreatedOnToolsVersion = 11.5;
					};
					07F41B0724B1112400651585 = {
						CreatedOnToolsVersion = 11.5;
					};
					07F41B1F24B1146700651585 = {
						CreatedOnToolsVersion = 11.5;
					};
					07F41B3724B1215900651585 = {
						CreatedOnToolsVersion = 11.5;
					};
					07F41B4F24B1247100651585 = {
						CreatedOnToolsVersion = 11.5;
					};
					07F41B6724B1279E00651585 = {
						CreatedOnToolsVersion = 11.5;
					};
				};
			};
			buildConfigurationList = 07F41A7E24B0FC8100651585 /* Build configuration list for PBXProject "SwiftUI_Views" */;
			compatibilityVersion = "Xcode 9.3";
			developmentRegion = en;
			hasScannedForEncodings = 0;
			knownRegions = (
				en,
				Base,
			);
			mainGroup = 07F41A7A24B0FC8100651585;
			productRefGroup = 07F41A8424B0FC8100651585 /* Products */;
			projectDirPath = "";
			projectRoot = "";
			targets = (
				07F41A8224B0FC8100651585 /* SwiftUI_Views */,
				07F41AA624B1012F00651585 /* SwiftUI_Views_TabView */,
				07F41AEC24B105BF00651585 /* SwiftUI_Views_ListView */,
				07F41B0724B1112400651585 /* SwiftUI_Views_Toggle */,
				07F41B1F24B1146700651585 /* SwiftUI_Views_Images */,
				07F41B3724B1215900651585 /* SwiftUI_Views_ZStack */,
				07F41B4F24B1247100651585 /* SwiftUI_Views_AlertView */,
				07F41B6724B1279E00651585 /* SwiftUI_Views_Forms */,
			);
		};
/* End PBXProject section */

/* Begin PBXResourcesBuildPhase section */
		07F41A8124B0FC8100651585 /* Resources */ = {
			isa = PBXResourcesBuildPhase;
			buildActionMask = 2147483647;
			files = (
				07F41A9324B0FC8200651585 /* LaunchScreen.storyboard in Resources */,
				07F41A9024B0FC8200651585 /* Preview Assets.xcassets in Resources */,
				07F41A8D24B0FC8200651585 /* Assets.xcassets in Resources */,
			);
			runOnlyForDeploymentPostprocessing = 0;
		};
		07F41AA524B1012F00651585 /* Resources */ = {
			isa = PBXResourcesBuildPhase;
			buildActionMask = 2147483647;
			files = (
				07F41AB624B1013000651585 /* LaunchScreen.storyboard in Resources */,
				07F41AB324B1013000651585 /* Preview Assets.xcassets in Resources */,
				07F41AB024B1013000651585 /* Assets.xcassets in Resources */,
			);
			runOnlyForDeploymentPostprocessing = 0;
		};
		07F41AEB24B105BF00651585 /* Resources */ = {
			isa = PBXResourcesBuildPhase;
			buildActionMask = 2147483647;
			files = (
				07F41AFC24B105C000651585 /* LaunchScreen.storyboard in Resources */,
				07F41AF924B105C000651585 /* Preview Assets.xcassets in Resources */,
				07F41AF624B105C000651585 /* Assets.xcassets in Resources */,
			);
			runOnlyForDeploymentPostprocessing = 0;
		};
		07F41B0624B1112400651585 /* Resources */ = {
			isa = PBXResourcesBuildPhase;
			buildActionMask = 2147483647;
			files = (
				07F41B1724B1112500651585 /* LaunchScreen.storyboard in Resources */,
				07F41B1424B1112500651585 /* Preview Assets.xcassets in Resources */,
				07F41B1124B1112500651585 /* Assets.xcassets in Resources */,
			);
			runOnlyForDeploymentPostprocessing = 0;
		};
		07F41B1E24B1146700651585 /* Resources */ = {
			isa = PBXResourcesBuildPhase;
			buildActionMask = 2147483647;
			files = (
				07F41B2F24B1146800651585 /* LaunchScreen.storyboard in Resources */,
				07F41B2C24B1146800651585 /* Preview Assets.xcassets in Resources */,
				07F41B2924B1146800651585 /* Assets.xcassets in Resources */,
			);
			runOnlyForDeploymentPostprocessing = 0;
		};
		07F41B3624B1215900651585 /* Resources */ = {
			isa = PBXResourcesBuildPhase;
			buildActionMask = 2147483647;
			files = (
				07F41B4724B1215A00651585 /* LaunchScreen.storyboard in Resources */,
				07F41B4424B1215A00651585 /* Preview Assets.xcassets in Resources */,
				07F41B4124B1215A00651585 /* Assets.xcassets in Resources */,
			);
			runOnlyForDeploymentPostprocessing = 0;
		};
		07F41B4E24B1247100651585 /* Resources */ = {
			isa = PBXResourcesBuildPhase;
			buildActionMask = 2147483647;
			files = (
				07F41B5F24B1247300651585 /* LaunchScreen.storyboard in Resources */,
				07F41B5C24B1247300651585 /* Preview Assets.xcassets in Resources */,
				07F41B5924B1247300651585 /* Assets.xcassets in Resources */,
			);
			runOnlyForDeploymentPostprocessing = 0;
		};
		07F41B6624B1279E00651585 /* Resources */ = {
			isa = PBXResourcesBuildPhase;
			buildActionMask = 2147483647;
			files = (
				07F41B7724B1279F00651585 /* LaunchScreen.storyboard in Resources */,
				07F41B7424B1279F00651585 /* Preview Assets.xcassets in Resources */,
				07F41B7124B1279F00651585 /* Assets.xcassets in Resources */,
			);
			runOnlyForDeploymentPostprocessing = 0;
		};
/* End PBXResourcesBuildPhase section */

/* Begin PBXSourcesBuildPhase section */
		07F41A7F24B0FC8100651585 /* Sources */ = {
			isa = PBXSourcesBuildPhase;
			buildActionMask = 2147483647;
			files = (
				07F41A8724B0FC8100651585 /* AppDelegate.swift in Sources */,
				07F41A8924B0FC8100651585 /* SceneDelegate.swift in Sources */,
				07F41A8B24B0FC8100651585 /* ContentView.swift in Sources */,
			);
			runOnlyForDeploymentPostprocessing = 0;
		};
		07F41AA324B1012F00651585 /* Sources */ = {
			isa = PBXSourcesBuildPhase;
			buildActionMask = 2147483647;
			files = (
				07F41AAA24B1012F00651585 /* AppDelegate.swift in Sources */,
				07F41ABC24B1022800651585 /* emailView.swift in Sources */,
				07F41AAC24B1012F00651585 /* SceneDelegate.swift in Sources */,
				07F41ABE24B1023500651585 /* twitterView.swift in Sources */,
				07F41AAE24B1012F00651585 /* ContentView.swift in Sources */,
			);
			runOnlyForDeploymentPostprocessing = 0;
		};
		07F41AE924B105BF00651585 /* Sources */ = {
			isa = PBXSourcesBuildPhase;
			buildActionMask = 2147483647;
			files = (
				07F41AF024B105BF00651585 /* AppDelegate.swift in Sources */,
				07F41AF224B105BF00651585 /* SceneDelegate.swift in Sources */,
				07F41AF424B105BF00651585 /* ContentView.swift in Sources */,
				07F41B0224B1067D00651585 /* Post.swift in Sources */,
			);
			runOnlyForDeploymentPostprocessing = 0;
		};
		07F41B0424B1112400651585 /* Sources */ = {
			isa = PBXSourcesBuildPhase;
			buildActionMask = 2147483647;
			files = (
				07F41B0B24B1112400651585 /* AppDelegate.swift in Sources */,
				07F41B0D24B1112400651585 /* SceneDelegate.swift in Sources */,
				07F41B0F24B1112400651585 /* ContentView.swift in Sources */,
			);
			runOnlyForDeploymentPostprocessing = 0;
		};
		07F41B1C24B1146700651585 /* Sources */ = {
			isa = PBXSourcesBuildPhase;
			buildActionMask = 2147483647;
			files = (
				07F41B2324B1146800651585 /* AppDelegate.swift in Sources */,
				07F41B2524B1146800651585 /* SceneDelegate.swift in Sources */,
				07F41B2724B1146800651585 /* ContentView.swift in Sources */,
			);
			runOnlyForDeploymentPostprocessing = 0;
		};
		07F41B3424B1215900651585 /* Sources */ = {
			isa = PBXSourcesBuildPhase;
			buildActionMask = 2147483647;
			files = (
				07F41B3B24B1215900651585 /* AppDelegate.swift in Sources */,
				07F41B3D24B1215900651585 /* SceneDelegate.swift in Sources */,
				07F41B3F24B1215900651585 /* ContentView.swift in Sources */,
			);
			runOnlyForDeploymentPostprocessing = 0;
		};
		07F41B4C24B1247100651585 /* Sources */ = {
			isa = PBXSourcesBuildPhase;
			buildActionMask = 2147483647;
			files = (
				07F41B5324B1247100651585 /* AppDelegate.swift in Sources */,
				07F41B5524B1247100651585 /* SceneDelegate.swift in Sources */,
				07F41B5724B1247100651585 /* ContentView.swift in Sources */,
			);
			runOnlyForDeploymentPostprocessing = 0;
		};
		07F41B6424B1279E00651585 /* Sources */ = {
			isa = PBXSourcesBuildPhase;
			buildActionMask = 2147483647;
			files = (
				07F41B6B24B1279E00651585 /* AppDelegate.swift in Sources */,
				07F41B6D24B1279E00651585 /* SceneDelegate.swift in Sources */,
				07F41B6F24B1279E00651585 /* ContentView.swift in Sources */,
			);
			runOnlyForDeploymentPostprocessing = 0;
		};
/* End PBXSourcesBuildPhase section */

/* Begin PBXVariantGroup section */
		07F41A9124B0FC8200651585 /* LaunchScreen.storyboard */ = {
			isa = PBXVariantGroup;
			children = (
				07F41A9224B0FC8200651585 /* Base */,
			);
			name = LaunchScreen.storyboard;
			sourceTree = "<group>";
		};
		07F41AB424B1013000651585 /* LaunchScreen.storyboard */ = {
			isa = PBXVariantGroup;
			children = (
				07F41AB524B1013000651585 /* Base */,
			);
			name = LaunchScreen.storyboard;
			sourceTree = "<group>";
		};
		07F41AFA24B105C000651585 /* LaunchScreen.storyboard */ = {
			isa = PBXVariantGroup;
			children = (
				07F41AFB24B105C000651585 /* Base */,
			);
			name = LaunchScreen.storyboard;
			sourceTree = "<group>";
		};
		07F41B1524B1112500651585 /* LaunchScreen.storyboard */ = {
			isa = PBXVariantGroup;
			children = (
				07F41B1624B1112500651585 /* Base */,
			);
			name = LaunchScreen.storyboard;
			sourceTree = "<group>";
		};
		07F41B2D24B1146800651585 /* LaunchScreen.storyboard */ = {
			isa = PBXVariantGroup;
			children = (
				07F41B2E24B1146800651585 /* Base */,
			);
			name = LaunchScreen.storyboard;
			sourceTree = "<group>";
		};
		07F41B4524B1215A00651585 /* LaunchScreen.storyboard */ = {
			isa = PBXVariantGroup;
			children = (
				07F41B4624B1215A00651585 /* Base */,
			);
			name = LaunchScreen.storyboard;
			sourceTree = "<group>";
		};
		07F41B5D24B1247300651585 /* LaunchScreen.storyboard */ = {
			isa = PBXVariantGroup;
			children = (
				07F41B5E24B1247300651585 /* Base */,
			);
			name = LaunchScreen.storyboard;
			sourceTree = "<group>";
		};
		07F41B7524B1279F00651585 /* LaunchScreen.storyboard */ = {
			isa = PBXVariantGroup;
			children = (
				07F41B7624B1279F00651585 /* Base */,
			);
			name = LaunchScreen.storyboard;
			sourceTree = "<group>";
		};
/* End PBXVariantGroup section */

/* Begin XCBuildConfiguration section */
		07F41A9524B0FC8200651585 /* Debug */ = {
			isa = XCBuildConfiguration;
			buildSettings = {
				ALWAYS_SEARCH_USER_PATHS = NO;
				CLANG_ANALYZER_NONNULL = YES;
				CLANG_ANALYZER_NUMBER_OBJECT_CONVERSION = YES_AGGRESSIVE;
				CLANG_CXX_LANGUAGE_STANDARD = "gnu++14";
				CLANG_CXX_LIBRARY = "libc++";
				CLANG_ENABLE_MODULES = YES;
				CLANG_ENABLE_OBJC_ARC = YES;
				CLANG_ENABLE_OBJC_WEAK = YES;
				CLANG_WARN_BLOCK_CAPTURE_AUTORELEASING = YES;
				CLANG_WARN_BOOL_CONVERSION = YES;
				CLANG_WARN_COMMA = YES;
				CLANG_WARN_CONSTANT_CONVERSION = YES;
				CLANG_WARN_DEPRECATED_OBJC_IMPLEMENTATIONS = YES;
				CLANG_WARN_DIRECT_OBJC_ISA_USAGE = YES_ERROR;
				CLANG_WARN_DOCUMENTATION_COMMENTS = YES;
				CLANG_WARN_EMPTY_BODY = YES;
				CLANG_WARN_ENUM_CONVERSION = YES;
				CLANG_WARN_INFINITE_RECURSION = YES;
				CLANG_WARN_INT_CONVERSION = YES;
				CLANG_WARN_NON_LITERAL_NULL_CONVERSION = YES;
				CLANG_WARN_OBJC_IMPLICIT_RETAIN_SELF = YES;
				CLANG_WARN_OBJC_LITERAL_CONVERSION = YES;
				CLANG_WARN_OBJC_ROOT_CLASS = YES_ERROR;
				CLANG_WARN_RANGE_LOOP_ANALYSIS = YES;
				CLANG_WARN_STRICT_PROTOTYPES = YES;
				CLANG_WARN_SUSPICIOUS_MOVE = YES;
				CLANG_WARN_UNGUARDED_AVAILABILITY = YES_AGGRESSIVE;
				CLANG_WARN_UNREACHABLE_CODE = YES;
				CLANG_WARN__DUPLICATE_METHOD_MATCH = YES;
				COPY_PHASE_STRIP = NO;
				DEBUG_INFORMATION_FORMAT = dwarf;
				ENABLE_STRICT_OBJC_MSGSEND = YES;
				ENABLE_TESTABILITY = YES;
				GCC_C_LANGUAGE_STANDARD = gnu11;
				GCC_DYNAMIC_NO_PIC = NO;
				GCC_NO_COMMON_BLOCKS = YES;
				GCC_OPTIMIZATION_LEVEL = 0;
				GCC_PREPROCESSOR_DEFINITIONS = (
					"DEBUG=1",
					"$(inherited)",
				);
				GCC_WARN_64_TO_32_BIT_CONVERSION = YES;
				GCC_WARN_ABOUT_RETURN_TYPE = YES_ERROR;
				GCC_WARN_UNDECLARED_SELECTOR = YES;
				GCC_WARN_UNINITIALIZED_AUTOS = YES_AGGRESSIVE;
				GCC_WARN_UNUSED_FUNCTION = YES;
				GCC_WARN_UNUSED_VARIABLE = YES;
				IPHONEOS_DEPLOYMENT_TARGET = 13.5;
				MTL_ENABLE_DEBUG_INFO = INCLUDE_SOURCE;
				MTL_FAST_MATH = YES;
				ONLY_ACTIVE_ARCH = YES;
				SDKROOT = iphoneos;
				SWIFT_ACTIVE_COMPILATION_CONDITIONS = DEBUG;
				SWIFT_OPTIMIZATION_LEVEL = "-Onone";
			};
			name = Debug;
		};
		07F41A9624B0FC8200651585 /* Release */ = {
			isa = XCBuildConfiguration;
			buildSettings = {
				ALWAYS_SEARCH_USER_PATHS = NO;
				CLANG_ANALYZER_NONNULL = YES;
				CLANG_ANALYZER_NUMBER_OBJECT_CONVERSION = YES_AGGRESSIVE;
				CLANG_CXX_LANGUAGE_STANDARD = "gnu++14";
				CLANG_CXX_LIBRARY = "libc++";
				CLANG_ENABLE_MODULES = YES;
				CLANG_ENABLE_OBJC_ARC = YES;
				CLANG_ENABLE_OBJC_WEAK = YES;
				CLANG_WARN_BLOCK_CAPTURE_AUTORELEASING = YES;
				CLANG_WARN_BOOL_CONVERSION = YES;
				CLANG_WARN_COMMA = YES;
				CLANG_WARN_CONSTANT_CONVERSION = YES;
				CLANG_WARN_DEPRECATED_OBJC_IMPLEMENTATIONS = YES;
				CLANG_WARN_DIRECT_OBJC_ISA_USAGE = YES_ERROR;
				CLANG_WARN_DOCUMENTATION_COMMENTS = YES;
				CLANG_WARN_EMPTY_BODY = YES;
				CLANG_WARN_ENUM_CONVERSION = YES;
				CLANG_WARN_INFINITE_RECURSION = YES;
				CLANG_WARN_INT_CONVERSION = YES;
				CLANG_WARN_NON_LITERAL_NULL_CONVERSION = YES;
				CLANG_WARN_OBJC_IMPLICIT_RETAIN_SELF = YES;
				CLANG_WARN_OBJC_LITERAL_CONVERSION = YES;
				CLANG_WARN_OBJC_ROOT_CLASS = YES_ERROR;
				CLANG_WARN_RANGE_LOOP_ANALYSIS = YES;
				CLANG_WARN_STRICT_PROTOTYPES = YES;
				CLANG_WARN_SUSPICIOUS_MOVE = YES;
				CLANG_WARN_UNGUARDED_AVAILABILITY = YES_AGGRESSIVE;
				CLANG_WARN_UNREACHABLE_CODE = YES;
				CLANG_WARN__DUPLICATE_METHOD_MATCH = YES;
				COPY_PHASE_STRIP = NO;
				DEBUG_INFORMATION_FORMAT = "dwarf-with-dsym";
				ENABLE_NS_ASSERTIONS = NO;
				ENABLE_STRICT_OBJC_MSGSEND = YES;
				GCC_C_LANGUAGE_STANDARD = gnu11;
				GCC_NO_COMMON_BLOCKS = YES;
				GCC_WARN_64_TO_32_BIT_CONVERSION = YES;
				GCC_WARN_ABOUT_RETURN_TYPE = YES_ERROR;
				GCC_WARN_UNDECLARED_SELECTOR = YES;
				GCC_WARN_UNINITIALIZED_AUTOS = YES_AGGRESSIVE;
				GCC_WARN_UNUSED_FUNCTION = YES;
				GCC_WARN_UNUSED_VARIABLE = YES;
				IPHONEOS_DEPLOYMENT_TARGET = 13.5;
				MTL_ENABLE_DEBUG_INFO = NO;
				MTL_FAST_MATH = YES;
				SDKROOT = iphoneos;
				SWIFT_COMPILATION_MODE = wholemodule;
				SWIFT_OPTIMIZATION_LEVEL = "-O";
				VALIDATE_PRODUCT = YES;
			};
			name = Release;
		};
		07F41A9824B0FC8200651585 /* Debug */ = {
			isa = XCBuildConfiguration;
			buildSettings = {
				ASSETCATALOG_COMPILER_APPICON_NAME = AppIcon;
				CODE_SIGN_STYLE = Manual;
				DEVELOPMENT_ASSET_PATHS = "\"SwiftUI_Views/Preview Content\"";
				DEVELOPMENT_TEAM = "";
				ENABLE_PREVIEWS = YES;
				INFOPLIST_FILE = SwiftUI_Views/Info.plist;
				LD_RUNPATH_SEARCH_PATHS = (
					"$(inherited)",
					"@executable_path/Frameworks",
				);
				PRODUCT_BUNDLE_IDENTIFIER = "com.tho.swift.SwiftUI-Views";
				PRODUCT_NAME = SwiftUI_Views;
				PROVISIONING_PROFILE_SPECIFIER = "";
				SWIFT_VERSION = 5.0;
				TARGETED_DEVICE_FAMILY = "1,2";
			};
			name = Debug;
		};
		07F41A9924B0FC8200651585 /* Release */ = {
			isa = XCBuildConfiguration;
			buildSettings = {
				ASSETCATALOG_COMPILER_APPICON_NAME = AppIcon;
				CODE_SIGN_STYLE = Manual;
				DEVELOPMENT_ASSET_PATHS = "\"SwiftUI_Views/Preview Content\"";
				DEVELOPMENT_TEAM = "";
				ENABLE_PREVIEWS = YES;
				INFOPLIST_FILE = SwiftUI_Views/Info.plist;
				LD_RUNPATH_SEARCH_PATHS = (
					"$(inherited)",
					"@executable_path/Frameworks",
				);
				PRODUCT_BUNDLE_IDENTIFIER = "com.tho.swift.SwiftUI-Views";
				PRODUCT_NAME = SwiftUI_Views;
				PROVISIONING_PROFILE_SPECIFIER = "";
				SWIFT_VERSION = 5.0;
				TARGETED_DEVICE_FAMILY = "1,2";
			};
			name = Release;
		};
		07F41AB924B1013000651585 /* Debug */ = {
			isa = XCBuildConfiguration;
			buildSettings = {
				ASSETCATALOG_COMPILER_APPICON_NAME = AppIcon;
				CODE_SIGN_STYLE = Automatic;
				DEVELOPMENT_ASSET_PATHS = "\"SwiftUI_Views_TabView/Preview Content\"";
				ENABLE_PREVIEWS = YES;
				INFOPLIST_FILE = SwiftUI_Views_TabView/Info.plist;
				LD_RUNPATH_SEARCH_PATHS = (
					"$(inherited)",
					"@executable_path/Frameworks",
				);
				PRODUCT_BUNDLE_IDENTIFIER = "com.tho.swift.SwiftUI-Views-TabView";
				PRODUCT_NAME = "$(TARGET_NAME)";
				SWIFT_VERSION = 5.0;
				TARGETED_DEVICE_FAMILY = "1,2";
			};
			name = Debug;
		};
		07F41ABA24B1013000651585 /* Release */ = {
			isa = XCBuildConfiguration;
			buildSettings = {
				ASSETCATALOG_COMPILER_APPICON_NAME = AppIcon;
				CODE_SIGN_STYLE = Automatic;
				DEVELOPMENT_ASSET_PATHS = "\"SwiftUI_Views_TabView/Preview Content\"";
				ENABLE_PREVIEWS = YES;
				INFOPLIST_FILE = SwiftUI_Views_TabView/Info.plist;
				LD_RUNPATH_SEARCH_PATHS = (
					"$(inherited)",
					"@executable_path/Frameworks",
				);
				PRODUCT_BUNDLE_IDENTIFIER = "com.tho.swift.SwiftUI-Views-TabView";
				PRODUCT_NAME = "$(TARGET_NAME)";
				SWIFT_VERSION = 5.0;
				TARGETED_DEVICE_FAMILY = "1,2";
			};
			name = Release;
		};
		07F41AFE24B105C000651585 /* Debug */ = {
			isa = XCBuildConfiguration;
			buildSettings = {
				ASSETCATALOG_COMPILER_APPICON_NAME = AppIcon;
				CODE_SIGN_STYLE = Automatic;
				DEVELOPMENT_ASSET_PATHS = "\"SwiftUI_Views_ListView/Preview Content\"";
				ENABLE_PREVIEWS = YES;
				INFOPLIST_FILE = SwiftUI_Views_ListView/Info.plist;
				LD_RUNPATH_SEARCH_PATHS = (
					"$(inherited)",
					"@executable_path/Frameworks",
				);
				PRODUCT_BUNDLE_IDENTIFIER = "com.tho.swift.SwiftUI-Views-ListView";
				PRODUCT_NAME = "$(TARGET_NAME)";
				SWIFT_VERSION = 5.0;
				TARGETED_DEVICE_FAMILY = "1,2";
			};
			name = Debug;
		};
		07F41AFF24B105C000651585 /* Release */ = {
			isa = XCBuildConfiguration;
			buildSettings = {
				ASSETCATALOG_COMPILER_APPICON_NAME = AppIcon;
				CODE_SIGN_STYLE = Automatic;
				DEVELOPMENT_ASSET_PATHS = "\"SwiftUI_Views_ListView/Preview Content\"";
				ENABLE_PREVIEWS = YES;
				INFOPLIST_FILE = SwiftUI_Views_ListView/Info.plist;
				LD_RUNPATH_SEARCH_PATHS = (
					"$(inherited)",
					"@executable_path/Frameworks",
				);
				PRODUCT_BUNDLE_IDENTIFIER = "com.tho.swift.SwiftUI-Views-ListView";
				PRODUCT_NAME = "$(TARGET_NAME)";
				SWIFT_VERSION = 5.0;
				TARGETED_DEVICE_FAMILY = "1,2";
			};
			name = Release;
		};
		07F41B1924B1112500651585 /* Debug */ = {
			isa = XCBuildConfiguration;
			buildSettings = {
				ASSETCATALOG_COMPILER_APPICON_NAME = AppIcon;
				CODE_SIGN_STYLE = Automatic;
				DEVELOPMENT_ASSET_PATHS = "\"SwiftUI_Views_Toggle/Preview Content\"";
				ENABLE_PREVIEWS = YES;
				INFOPLIST_FILE = SwiftUI_Views_Toggle/Info.plist;
				LD_RUNPATH_SEARCH_PATHS = (
					"$(inherited)",
					"@executable_path/Frameworks",
				);
				PRODUCT_BUNDLE_IDENTIFIER = "com.tho.swift.SwiftUI-Views-Toggle";
				PRODUCT_NAME = "$(TARGET_NAME)";
				SWIFT_VERSION = 5.0;
				TARGETED_DEVICE_FAMILY = "1,2";
			};
			name = Debug;
		};
		07F41B1A24B1112500651585 /* Release */ = {
			isa = XCBuildConfiguration;
			buildSettings = {
				ASSETCATALOG_COMPILER_APPICON_NAME = AppIcon;
				CODE_SIGN_STYLE = Automatic;
				DEVELOPMENT_ASSET_PATHS = "\"SwiftUI_Views_Toggle/Preview Content\"";
				ENABLE_PREVIEWS = YES;
				INFOPLIST_FILE = SwiftUI_Views_Toggle/Info.plist;
				LD_RUNPATH_SEARCH_PATHS = (
					"$(inherited)",
					"@executable_path/Frameworks",
				);
				PRODUCT_BUNDLE_IDENTIFIER = "com.tho.swift.SwiftUI-Views-Toggle";
				PRODUCT_NAME = "$(TARGET_NAME)";
				SWIFT_VERSION = 5.0;
				TARGETED_DEVICE_FAMILY = "1,2";
			};
			name = Release;
		};
		07F41B3124B1146800651585 /* Debug */ = {
			isa = XCBuildConfiguration;
			buildSettings = {
				ASSETCATALOG_COMPILER_APPICON_NAME = AppIcon;
				CODE_SIGN_STYLE = Automatic;
				DEVELOPMENT_ASSET_PATHS = "\"SwiftUI_Views_Images/Preview Content\"";
				ENABLE_PREVIEWS = YES;
				INFOPLIST_FILE = SwiftUI_Views_Images/Info.plist;
				LD_RUNPATH_SEARCH_PATHS = (
					"$(inherited)",
					"@executable_path/Frameworks",
				);
				PRODUCT_BUNDLE_IDENTIFIER = "com.tho.swift.SwiftUI-Views-Images";
				PRODUCT_NAME = "$(TARGET_NAME)";
				SWIFT_VERSION = 5.0;
				TARGETED_DEVICE_FAMILY = "1,2";
			};
			name = Debug;
		};
		07F41B3224B1146800651585 /* Release */ = {
			isa = XCBuildConfiguration;
			buildSettings = {
				ASSETCATALOG_COMPILER_APPICON_NAME = AppIcon;
				CODE_SIGN_STYLE = Automatic;
				DEVELOPMENT_ASSET_PATHS = "\"SwiftUI_Views_Images/Preview Content\"";
				ENABLE_PREVIEWS = YES;
				INFOPLIST_FILE = SwiftUI_Views_Images/Info.plist;
				LD_RUNPATH_SEARCH_PATHS = (
					"$(inherited)",
					"@executable_path/Frameworks",
				);
				PRODUCT_BUNDLE_IDENTIFIER = "com.tho.swift.SwiftUI-Views-Images";
				PRODUCT_NAME = "$(TARGET_NAME)";
				SWIFT_VERSION = 5.0;
				TARGETED_DEVICE_FAMILY = "1,2";
			};
			name = Release;
		};
		07F41B4924B1215A00651585 /* Debug */ = {
			isa = XCBuildConfiguration;
			buildSettings = {
				ASSETCATALOG_COMPILER_APPICON_NAME = AppIcon;
				CODE_SIGN_STYLE = Automatic;
				DEVELOPMENT_ASSET_PATHS = "\"SwiftUI_Views_ZStack/Preview Content\"";
				ENABLE_PREVIEWS = YES;
				INFOPLIST_FILE = SwiftUI_Views_ZStack/Info.plist;
				LD_RUNPATH_SEARCH_PATHS = (
					"$(inherited)",
					"@executable_path/Frameworks",
				);
				PRODUCT_BUNDLE_IDENTIFIER = "com.tho.swift.SwiftUI-Views-ZStack";
				PRODUCT_NAME = "$(TARGET_NAME)";
				SWIFT_VERSION = 5.0;
				TARGETED_DEVICE_FAMILY = "1,2";
			};
			name = Debug;
		};
		07F41B4A24B1215A00651585 /* Release */ = {
			isa = XCBuildConfiguration;
			buildSettings = {
				ASSETCATALOG_COMPILER_APPICON_NAME = AppIcon;
				CODE_SIGN_STYLE = Automatic;
				DEVELOPMENT_ASSET_PATHS = "\"SwiftUI_Views_ZStack/Preview Content\"";
				ENABLE_PREVIEWS = YES;
				INFOPLIST_FILE = SwiftUI_Views_ZStack/Info.plist;
				LD_RUNPATH_SEARCH_PATHS = (
					"$(inherited)",
					"@executable_path/Frameworks",
				);
				PRODUCT_BUNDLE_IDENTIFIER = "com.tho.swift.SwiftUI-Views-ZStack";
				PRODUCT_NAME = "$(TARGET_NAME)";
				SWIFT_VERSION = 5.0;
				TARGETED_DEVICE_FAMILY = "1,2";
			};
			name = Release;
		};
		07F41B6124B1247300651585 /* Debug */ = {
			isa = XCBuildConfiguration;
			buildSettings = {
				ASSETCATALOG_COMPILER_APPICON_NAME = AppIcon;
				CODE_SIGN_STYLE = Automatic;
				DEVELOPMENT_ASSET_PATHS = "\"SwiftUI_Views_AlertView/Preview Content\"";
				ENABLE_PREVIEWS = YES;
				INFOPLIST_FILE = SwiftUI_Views_AlertView/Info.plist;
				LD_RUNPATH_SEARCH_PATHS = (
					"$(inherited)",
					"@executable_path/Frameworks",
				);
				PRODUCT_BUNDLE_IDENTIFIER = "com.tho.swift.SwiftUI-Views-AlertView";
				PRODUCT_NAME = "$(TARGET_NAME)";
				SWIFT_VERSION = 5.0;
				TARGETED_DEVICE_FAMILY = "1,2";
			};
			name = Debug;
		};
		07F41B6224B1247300651585 /* Release */ = {
			isa = XCBuildConfiguration;
			buildSettings = {
				ASSETCATALOG_COMPILER_APPICON_NAME = AppIcon;
				CODE_SIGN_STYLE = Automatic;
				DEVELOPMENT_ASSET_PATHS = "\"SwiftUI_Views_AlertView/Preview Content\"";
				ENABLE_PREVIEWS = YES;
				INFOPLIST_FILE = SwiftUI_Views_AlertView/Info.plist;
				LD_RUNPATH_SEARCH_PATHS = (
					"$(inherited)",
					"@executable_path/Frameworks",
				);
				PRODUCT_BUNDLE_IDENTIFIER = "com.tho.swift.SwiftUI-Views-AlertView";
				PRODUCT_NAME = "$(TARGET_NAME)";
				SWIFT_VERSION = 5.0;
				TARGETED_DEVICE_FAMILY = "1,2";
			};
			name = Release;
		};
		07F41B7924B1279F00651585 /* Debug */ = {
			isa = XCBuildConfiguration;
			buildSettings = {
				ASSETCATALOG_COMPILER_APPICON_NAME = AppIcon;
				CODE_SIGN_STYLE = Automatic;
				DEVELOPMENT_ASSET_PATHS = "\"SwiftUI_Views_Forms/Preview Content\"";
				ENABLE_PREVIEWS = YES;
				INFOPLIST_FILE = SwiftUI_Views_Forms/Info.plist;
				LD_RUNPATH_SEARCH_PATHS = (
					"$(inherited)",
					"@executable_path/Frameworks",
				);
				PRODUCT_BUNDLE_IDENTIFIER = "com.tho.swift.SwiftUI-Views-Forms";
				PRODUCT_NAME = "$(TARGET_NAME)";
				SWIFT_VERSION = 5.0;
				TARGETED_DEVICE_FAMILY = "1,2";
			};
			name = Debug;
		};
		07F41B7A24B1279F00651585 /* Release */ = {
			isa = XCBuildConfiguration;
			buildSettings = {
				ASSETCATALOG_COMPILER_APPICON_NAME = AppIcon;
				CODE_SIGN_STYLE = Automatic;
				DEVELOPMENT_ASSET_PATHS = "\"SwiftUI_Views_Forms/Preview Content\"";
				ENABLE_PREVIEWS = YES;
				INFOPLIST_FILE = SwiftUI_Views_Forms/Info.plist;
				LD_RUNPATH_SEARCH_PATHS = (
					"$(inherited)",
					"@executable_path/Frameworks",
				);
				PRODUCT_BUNDLE_IDENTIFIER = "com.tho.swift.SwiftUI-Views-Forms";
				PRODUCT_NAME = "$(TARGET_NAME)";
				SWIFT_VERSION = 5.0;
				TARGETED_DEVICE_FAMILY = "1,2";
			};
			name = Release;
		};
/* End XCBuildConfiguration section */

/* Begin XCConfigurationList section */
		07F41A7E24B0FC8100651585 /* Build configuration list for PBXProject "SwiftUI_Views" */ = {
			isa = XCConfigurationList;
			buildConfigurations = (
				07F41A9524B0FC8200651585 /* Debug */,
				07F41A9624B0FC8200651585 /* Release */,
			);
			defaultConfigurationIsVisible = 0;
			defaultConfigurationName = Release;
		};
		07F41A9724B0FC8200651585 /* Build configuration list for PBXNativeTarget "SwiftUI_Views" */ = {
			isa = XCConfigurationList;
			buildConfigurations = (
				07F41A9824B0FC8200651585 /* Debug */,
				07F41A9924B0FC8200651585 /* Release */,
			);
			defaultConfigurationIsVisible = 0;
			defaultConfigurationName = Release;
		};
		07F41AB824B1013000651585 /* Build configuration list for PBXNativeTarget "SwiftUI_Views_TabView" */ = {
			isa = XCConfigurationList;
			buildConfigurations = (
				07F41AB924B1013000651585 /* Debug */,
				07F41ABA24B1013000651585 /* Release */,
			);
			defaultConfigurationIsVisible = 0;
			defaultConfigurationName = Release;
		};
		07F41B0024B105C000651585 /* Build configuration list for PBXNativeTarget "SwiftUI_Views_ListView" */ = {
			isa = XCConfigurationList;
			buildConfigurations = (
				07F41AFE24B105C000651585 /* Debug */,
				07F41AFF24B105C000651585 /* Release */,
			);
			defaultConfigurationIsVisible = 0;
			defaultConfigurationName = Release;
		};
		07F41B1B24B1112500651585 /* Build configuration list for PBXNativeTarget "SwiftUI_Views_Toggle" */ = {
			isa = XCConfigurationList;
			buildConfigurations = (
				07F41B1924B1112500651585 /* Debug */,
				07F41B1A24B1112500651585 /* Release */,
			);
			defaultConfigurationIsVisible = 0;
			defaultConfigurationName = Release;
		};
		07F41B3324B1146800651585 /* Build configuration list for PBXNativeTarget "SwiftUI_Views_Images" */ = {
			isa = XCConfigurationList;
			buildConfigurations = (
				07F41B3124B1146800651585 /* Debug */,
				07F41B3224B1146800651585 /* Release */,
			);
			defaultConfigurationIsVisible = 0;
			defaultConfigurationName = Release;
		};
		07F41B4B24B1215A00651585 /* Build configuration list for PBXNativeTarget "SwiftUI_Views_ZStack" */ = {
			isa = XCConfigurationList;
			buildConfigurations = (
				07F41B4924B1215A00651585 /* Debug */,
				07F41B4A24B1215A00651585 /* Release */,
			);
			defaultConfigurationIsVisible = 0;
			defaultConfigurationName = Release;
		};
		07F41B6324B1247300651585 /* Build configuration list for PBXNativeTarget "SwiftUI_Views_AlertView" */ = {
			isa = XCConfigurationList;
			buildConfigurations = (
				07F41B6124B1247300651585 /* Debug */,
				07F41B6224B1247300651585 /* Release */,
			);
			defaultConfigurationIsVisible = 0;
			defaultConfigurationName = Release;
		};
		07F41B7B24B1279F00651585 /* Build configuration list for PBXNativeTarget "SwiftUI_Views_Forms" */ = {
			isa = XCConfigurationList;
			buildConfigurations = (
				07F41B7924B1279F00651585 /* Debug */,
				07F41B7A24B1279F00651585 /* Release */,
			);
			defaultConfigurationIsVisible = 0;
			defaultConfigurationName = Release;
		};
/* End XCConfigurationList section */
	};
	rootObject = 07F41A7B24B0FC8100651585 /* Project object */;
}
